
Microsoft Visual Studio Solution File, Format Version 12.00
# Visual Studio Version 17
VisualStudioVersion = 17.9.34728.123
MinimumVisualStudioVersion = 10.0.40219.1
Project("{8BC9CEB8-8B4A-11D0-8D11-00A0C91BC942}") = "lab_1_bayda", "lab_1_bayda.vcxproj", "{48B598C0-3DEF-4FFE-BDE4-704D4D70923E}"
EndProject
Global
	GlobalSection(SolutionConfigurationPlatforms) = preSolution
		Debug|x64 = Debug|x64
		Debug|x86 = Debug|x86
		Release|x64 = Release|x64
		Release|x86 = Release|x86
	EndGlobalSection
	GlobalSection(ProjectConfigurationPlatforms) = postSolution
		{48B598C0-3DEF-4FFE-BDE4-704D4D70923E}.Debug|x64.ActiveCfg = Debug|x64
		{48B598C0-3DEF-4FFE-BDE4-704D4D70923E}.Debug|x64.Build.0 = Debug|x64
		{48B598C0-3DEF-4FFE-BDE4-704D4D70923E}.Debug|x86.ActiveCfg = Debug|Win32
		{48B598C0-3DEF-4FFE-BDE4-704D4D70923E}.Debug|x86.Build.0 = Debug|Win32
		{48B598C0-3DEF-4FFE-BDE4-704D4D70923E}.Release|x64.ActiveCfg = Release|x64
		{48B598C0-3DEF-4FFE-BDE4-704D4D70923E}.Release|x64.Build.0 = Release|x64
		{48B598C0-3DEF-4FFE-BDE4-704D4D70923E}.Release|x86.ActiveCfg = Release|Win32
		{48B598C0-3DEF-4FFE-BDE4-704D4D70923E}.Release|x86.Build.0 = Release|Win32
	EndGlobalSection
	GlobalSection(SolutionProperties) = preSolution
		HideSolutionNode = FALSE
	EndGlobalSection
	GlobalSection(ExtensibilityGlobals) = postSolution
		SolutionGuid = {18955275-36BB-4454-A877-A581C7854815}
	EndGlobalSection
EndGlobal
