
Microsoft Visual Studio Solution File, Format Version 12.00
# Visual Studio Version 17
VisualStudioVersion = 17.9.34728.123
MinimumVisualStudioVersion = 10.0.40219.1
Project("{8BC9CEB8-8B4A-11D0-8D11-00A0C91BC942}") = "pract_7_task_5", "pract_7_task_5.vcxproj", "{85054004-53C9-44D6-9223-E701380CD33A}"
EndProject
Global
	GlobalSection(SolutionConfigurationPlatforms) = preSolution
		Debug|x64 = Debug|x64
		Debug|x86 = Debug|x86
		Release|x64 = Release|x64
		Release|x86 = Release|x86
	EndGlobalSection
	GlobalSection(ProjectConfigurationPlatforms) = postSolution
		{85054004-53C9-44D6-9223-E701380CD33A}.Debug|x64.ActiveCfg = Debug|x64
		{85054004-53C9-44D6-9223-E701380CD33A}.Debug|x64.Build.0 = Debug|x64
		{85054004-53C9-44D6-9223-E701380CD33A}.Debug|x86.ActiveCfg = Debug|Win32
		{85054004-53C9-44D6-9223-E701380CD33A}.Debug|x86.Build.0 = Debug|Win32
		{85054004-53C9-44D6-9223-E701380CD33A}.Release|x64.ActiveCfg = Release|x64
		{85054004-53C9-44D6-9223-E701380CD33A}.Release|x64.Build.0 = Release|x64
		{85054004-53C9-44D6-9223-E701380CD33A}.Release|x86.ActiveCfg = Release|Win32
		{85054004-53C9-44D6-9223-E701380CD33A}.Release|x86.Build.0 = Release|Win32
	EndGlobalSection
	GlobalSection(SolutionProperties) = preSolution
		HideSolutionNode = FALSE
	EndGlobalSection
	GlobalSection(ExtensibilityGlobals) = postSolution
		SolutionGuid = {EC50B60D-CACE-4BA0-AA50-F6647DACC21C}
	EndGlobalSection
EndGlobal
