
Microsoft Visual Studio Solution File, Format Version 12.00
# Visual Studio Version 17
VisualStudioVersion = 17.9.34728.123
MinimumVisualStudioVersion = 10.0.40219.1
Project("{8BC9CEB8-8B4A-11D0-8D11-00A0C91BC942}") = "Pract_3_task_3", "Pract_3_task_3.vcxproj", "{E3914279-12CD-4E1B-94FF-97B6613B3526}"
EndProject
Global
	GlobalSection(SolutionConfigurationPlatforms) = preSolution
		Debug|x64 = Debug|x64
		Debug|x86 = Debug|x86
		Release|x64 = Release|x64
		Release|x86 = Release|x86
	EndGlobalSection
	GlobalSection(ProjectConfigurationPlatforms) = postSolution
		{E3914279-12CD-4E1B-94FF-97B6613B3526}.Debug|x64.ActiveCfg = Debug|x64
		{E3914279-12CD-4E1B-94FF-97B6613B3526}.Debug|x64.Build.0 = Debug|x64
		{E3914279-12CD-4E1B-94FF-97B6613B3526}.Debug|x86.ActiveCfg = Debug|Win32
		{E3914279-12CD-4E1B-94FF-97B6613B3526}.Debug|x86.Build.0 = Debug|Win32
		{E3914279-12CD-4E1B-94FF-97B6613B3526}.Release|x64.ActiveCfg = Release|x64
		{E3914279-12CD-4E1B-94FF-97B6613B3526}.Release|x64.Build.0 = Release|x64
		{E3914279-12CD-4E1B-94FF-97B6613B3526}.Release|x86.ActiveCfg = Release|Win32
		{E3914279-12CD-4E1B-94FF-97B6613B3526}.Release|x86.Build.0 = Release|Win32
	EndGlobalSection
	GlobalSection(SolutionProperties) = preSolution
		HideSolutionNode = FALSE
	EndGlobalSection
	GlobalSection(ExtensibilityGlobals) = postSolution
		SolutionGuid = {E56B7B0D-EBBF-42E7-9FC0-30A66F3F68AD}
	EndGlobalSection
EndGlobal
