
Microsoft Visual Studio Solution File, Format Version 12.00
# Visual Studio Version 17
VisualStudioVersion = 17.9.34728.123
MinimumVisualStudioVersion = 10.0.40219.1
Project("{8BC9CEB8-8B4A-11D0-8D11-00A0C91BC942}") = "pract_4_tsak_5", "pract_4_tsak_5.vcxproj", "{F936A1C1-E3F4-4E01-A629-8ED889479E82}"
EndProject
Global
	GlobalSection(SolutionConfigurationPlatforms) = preSolution
		Debug|x64 = Debug|x64
		Debug|x86 = Debug|x86
		Release|x64 = Release|x64
		Release|x86 = Release|x86
	EndGlobalSection
	GlobalSection(ProjectConfigurationPlatforms) = postSolution
		{F936A1C1-E3F4-4E01-A629-8ED889479E82}.Debug|x64.ActiveCfg = Debug|x64
		{F936A1C1-E3F4-4E01-A629-8ED889479E82}.Debug|x64.Build.0 = Debug|x64
		{F936A1C1-E3F4-4E01-A629-8ED889479E82}.Debug|x86.ActiveCfg = Debug|Win32
		{F936A1C1-E3F4-4E01-A629-8ED889479E82}.Debug|x86.Build.0 = Debug|Win32
		{F936A1C1-E3F4-4E01-A629-8ED889479E82}.Release|x64.ActiveCfg = Release|x64
		{F936A1C1-E3F4-4E01-A629-8ED889479E82}.Release|x64.Build.0 = Release|x64
		{F936A1C1-E3F4-4E01-A629-8ED889479E82}.Release|x86.ActiveCfg = Release|Win32
		{F936A1C1-E3F4-4E01-A629-8ED889479E82}.Release|x86.Build.0 = Release|Win32
	EndGlobalSection
	GlobalSection(SolutionProperties) = preSolution
		HideSolutionNode = FALSE
	EndGlobalSection
	GlobalSection(ExtensibilityGlobals) = postSolution
		SolutionGuid = {40EC8401-B0C4-433C-90E5-239F098ED4ED}
	EndGlobalSection
EndGlobal
