
Microsoft Visual Studio Solution File, Format Version 12.00
# Visual Studio Version 17
VisualStudioVersion = 17.9.34728.123
MinimumVisualStudioVersion = 10.0.40219.1
Project("{8BC9CEB8-8B4A-11D0-8D11-00A0C91BC942}") = "Pract_3_Task_4", "Pract_3_Task_4.vcxproj", "{73D7E9C5-ADE2-4129-8191-46A740BDC0F3}"
EndProject
Global
	GlobalSection(SolutionConfigurationPlatforms) = preSolution
		Debug|x64 = Debug|x64
		Debug|x86 = Debug|x86
		Release|x64 = Release|x64
		Release|x86 = Release|x86
	EndGlobalSection
	GlobalSection(ProjectConfigurationPlatforms) = postSolution
		{73D7E9C5-ADE2-4129-8191-46A740BDC0F3}.Debug|x64.ActiveCfg = Debug|x64
		{73D7E9C5-ADE2-4129-8191-46A740BDC0F3}.Debug|x64.Build.0 = Debug|x64
		{73D7E9C5-ADE2-4129-8191-46A740BDC0F3}.Debug|x86.ActiveCfg = Debug|Win32
		{73D7E9C5-ADE2-4129-8191-46A740BDC0F3}.Debug|x86.Build.0 = Debug|Win32
		{73D7E9C5-ADE2-4129-8191-46A740BDC0F3}.Release|x64.ActiveCfg = Release|x64
		{73D7E9C5-ADE2-4129-8191-46A740BDC0F3}.Release|x64.Build.0 = Release|x64
		{73D7E9C5-ADE2-4129-8191-46A740BDC0F3}.Release|x86.ActiveCfg = Release|Win32
		{73D7E9C5-ADE2-4129-8191-46A740BDC0F3}.Release|x86.Build.0 = Release|Win32
	EndGlobalSection
	GlobalSection(SolutionProperties) = preSolution
		HideSolutionNode = FALSE
	EndGlobalSection
	GlobalSection(ExtensibilityGlobals) = postSolution
		SolutionGuid = {E97DBB4B-72E1-4C35-9000-DF7FCB49CC3F}
	EndGlobalSection
EndGlobal
